
Microsoft Visual Studio Solution File, Format Version 12.00
# Visual Studio Version 17
VisualStudioVersion = 17.2.32414.248
MinimumVisualStudioVersion = 10.0.40219.1
Project("{FAE04EC0-301F-11D3-BF4B-00C04F79EFBC}") = "Algorithms", "Algorithms.csproj", "{657D3B64-1F2A-4C7C-BDDD-76F8ED440ABD}"
EndProject
Global
	GlobalSection(SolutionConfigurationPlatforms) = preSolution
		Debug|Any CPU = Debug|Any CPU
		Release|Any CPU = Release|Any CPU
	EndGlobalSection
	GlobalSection(ProjectConfigurationPlatforms) = postSolution
		{657D3B64-1F2A-4C7C-BDDD-76F8ED440ABD}.Debug|Any CPU.ActiveCfg = Debug|Any CPU
		{657D3B64-1F2A-4C7C-BDDD-76F8ED440ABD}.Debug|Any CPU.Build.0 = Debug|Any CPU
		{657D3B64-1F2A-4C7C-BDDD-76F8ED440ABD}.Release|Any CPU.ActiveCfg = Release|Any CPU
		{657D3B64-1F2A-4C7C-BDDD-76F8ED440ABD}.Release|Any CPU.Build.0 = Release|Any CPU
	EndGlobalSection
	GlobalSection(SolutionProperties) = preSolution
		HideSolutionNode = FALSE
	EndGlobalSection
	GlobalSection(ExtensibilityGlobals) = postSolution
		SolutionGuid = {AB02AB1D-E11D-4BB6-8AAF-162F7897A564}
	EndGlobalSection
EndGlobal
